
Microsoft Visual Studio Solution File, Format Version 12.00
Project("{FAE04EC0-301F-11D3-BF4B-00C04F79EFBC}") = "TwitterClone", "TwitterClone\TwitterClone.csproj", "{8B94502F-870E-4FCE-A6D9-746ECB5C490B}"
EndProject
Global
	GlobalSection(SolutionConfigurationPlatforms) = preSolution
		Debug|Any CPU = Debug|Any CPU
		Release|Any CPU = Release|Any CPU
	EndGlobalSection
	GlobalSection(ProjectConfigurationPlatforms) = postSolution
		{8B94502F-870E-4FCE-A6D9-746ECB5C490B}.Debug|Any CPU.ActiveCfg = Debug|Any CPU
		{8B94502F-870E-4FCE-A6D9-746ECB5C490B}.Debug|Any CPU.Build.0 = Debug|Any CPU
		{8B94502F-870E-4FCE-A6D9-746ECB5C490B}.Release|Any CPU.ActiveCfg = Release|Any CPU
		{8B94502F-870E-4FCE-A6D9-746ECB5C490B}.Release|Any CPU.Build.0 = Release|Any CPU
	EndGlobalSection
EndGlobal
